PODS:
  - ASMvvm (1.1.2):
    - ObjectMapper
    - RxASDataSources
    - RxCocoa-Texture
    - RxSwift
    - Texture
  - Differentiator (4.0.1)
  - ObjectMapper (4.2.0)
  - PINCache (3.0.3):
    - PINCache/Arc-exception-safe (= 3.0.3)
    - PINCache/Core (= 3.0.3)
  - PINCache/Arc-exception-safe (3.0.3):
    - PINCache/Core
  - PINCache/Core (3.0.3):
    - PINOperation (~> 1.2.1)
  - PINOperation (1.2.1)
  - PINRemoteImage/Core (3.0.3):
    - PINOperation
  - PINRemoteImage/iOS (3.0.3):
    - PINRemoteImage/Core
  - PINRemoteImage/PINCache (3.0.3):
    - PINCache (~> 3.0.3)
    - PINRemoteImage/Core
  - RxASDataSources (0.5.1):
    - Differentiator (~> 4.0)
    - RxCocoa (~> 5.1)
    - RxSwift (~> 5.1)
    - Texture
  - RxCocoa (5.1.1):
    - RxRelay (~> 5)
    - RxSwift (~> 5)
  - RxCocoa-Texture (3.1.0):
    - RxCocoa (~> 5.0)
    - RxSwift (~> 5.0)
    - Texture
  - RxRelay (5.1.1):
    - RxSwift (~> 5)
  - RxSwift (5.1.2)
  - Texture (3.1.0):
    - Texture/AssetsLibrary (= 3.1.0)
    - Texture/Core (= 3.1.0)
    - Texture/MapKit (= 3.1.0)
    - Texture/Photos (= 3.1.0)
    - Texture/PINRemoteImage (= 3.1.0)
    - Texture/Video (= 3.1.0)
  - Texture/AssetsLibrary (3.1.0):
    - Texture/Core
  - Texture/Core (3.1.0)
  - Texture/MapKit (3.1.0):
    - Texture/Core
  - Texture/Photos (3.1.0):
    - Texture/Core
  - Texture/PINRemoteImage (3.1.0):
    - PINRemoteImage/iOS (~> 3.0.0)
    - PINRemoteImage/PINCache
    - Texture/Core
  - Texture/Video (3.1.0):
    - Texture/Core

DEPENDENCIES:
  - ASMvvm (from `./`)
  - ObjectMapper
  - RxASDataSources (from `https://github.com/toandk/RxASDataSources`)
  - RxCocoa-Texture (from `https://github.com/toandk/RxCocoa-Texture`)
  - RxSwift
  - Texture (from `https://github.com/TextureGroup/Texture`)

SPEC REPOS:
  https://github.com/CocoaPods/Specs.git:
    - Differentiator
    - ObjectMapper
    - PINCache
    - PINOperation
    - PINRemoteImage
    - RxCocoa
    - RxRelay
    - RxSwift

EXTERNAL SOURCES:
  ASMvvm:
    :path: "./"
  RxASDataSources:
    :git: https://github.com/toandk/RxASDataSources
  RxCocoa-Texture:
    :git: https://github.com/toandk/RxCocoa-Texture
  Texture:
    :git: https://github.com/TextureGroup/Texture

CHECKOUT OPTIONS:
  RxASDataSources:
    :commit: b5bb7a85f51a793a86896f605b587192cfcecefc
    :git: https://github.com/toandk/RxASDataSources
  RxCocoa-Texture:
    :commit: 69bcc414b9d2226f909b296cf482a20375f9f6cf
    :git: https://github.com/toandk/RxCocoa-Texture
  Texture:
    :commit: 50426db99621c8e648fc378647d6288eba603761
    :git: https://github.com/TextureGroup/Texture

SPEC CHECKSUMS:
  ASMvvm: ff436c4f39135a09733f524d436cc279abea582d
  Differentiator: 886080237d9f87f322641dedbc5be257061b0602
  ObjectMapper: 1eb41f610210777375fa806bf161dc39fb832b81
  PINCache: 7a8fc1a691173d21dbddbf86cd515de6efa55086
  PINOperation: 00c935935f1e8cf0d1e2d6b542e75b88fc3e5e20
  PINRemoteImage: f1295b29f8c5e640e25335a1b2bd9d805171bd01
  RxASDataSources: 81764dee676512cb9623352ac7f19ced3e33a7c6
  RxCocoa: 32065309a38d29b5b0db858819b5bf9ef038b601
  RxCocoa-Texture: b3eacb1ef3d9f8cc53f69d67fdd4c1ebbf5766e1
  RxRelay: d77f7d771495f43c556cbc43eebd1bb54d01e8e9
  RxSwift: 1e2e1f9570186967f617e49128ed26ccf1bafc8e
  Texture: 2e8ab2519452515f7f5a520f5a8f7e0a413abfa3

PODFILE CHECKSUM: eec6d100ce12fc5840103168fadd37c4e7b87a60

COCOAPODS: 1.11.2
