PODS:
  - ASMvvm (1.1.2):
    - ObjectMapper
    - RxASDataSources
    - RxCocoa-Texture (~> 3.1.0)
    - RxSwift
    - Texture (~> 3.0.0)
  - Differentiator (4.0.1)
  - ObjectMapper (3.5.1)
  - PINCache (3.0.1):
    - PINCache/Arc-exception-safe (= 3.0.1)
    - PINCache/Core (= 3.0.1)
  - PINCache/Arc-exception-safe (3.0.1):
    - PINCache/Core
  - PINCache/Core (3.0.1):
    - PINOperation (~> 1.2.0)
  - PINOperation (1.2)
  - PINRemoteImage/Core (3.0.1):
    - PINOperation
  - PINRemoteImage/iOS (3.0.1):
    - PINRemoteImage/Core
  - PINRemoteImage/PINCache (3.0.1):
    - PINCache (~> 3.0.1)
    - PINRemoteImage/Core
  - RxASDataSources (0.5.1):
    - Differentiator (~> 4.0)
    - RxCocoa (~> 5.1)
    - RxSwift (~> 5.1)
    - Texture
  - RxCocoa (5.1.1):
    - RxRelay (~> 5)
    - RxSwift (~> 5)
  - RxCocoa-Texture (3.1.0):
    - RxCocoa (~> 5.0)
    - RxSwift (~> 5.0)
    - Texture
  - RxRelay (5.1.1):
    - RxSwift (~> 5)
  - RxSwift (5.1.1)
  - Texture (3.0.0):
    - Texture/AssetsLibrary (= 3.0.0)
    - Texture/Core (= 3.0.0)
    - Texture/MapKit (= 3.0.0)
    - Texture/Photos (= 3.0.0)
    - Texture/PINRemoteImage (= 3.0.0)
    - Texture/Video (= 3.0.0)
  - Texture/AssetsLibrary (3.0.0):
    - Texture/Core
  - Texture/Core (3.0.0)
  - Texture/MapKit (3.0.0):
    - Texture/Core
  - Texture/Photos (3.0.0):
    - Texture/Core
  - Texture/PINRemoteImage (3.0.0):
    - PINRemoteImage/iOS (~> 3.0.0)
    - PINRemoteImage/PINCache
    - Texture/Core
  - Texture/Video (3.0.0):
    - Texture/Core

DEPENDENCIES:
  - ASMvvm (from `../ASMvvm`)
  - ObjectMapper
  - RxASDataSources (from `https://github.com/toandk/RxASDataSources`)
  - RxCocoa-Texture (from `https://github.com/toandk/RxCocoa-Texture`)
  - RxSwift
  - Texture (from `https://github.com/TextureGroup/Texture`)

SPEC REPOS:
  https://github.com/CocoaPods/Specs.git:
    - Differentiator
    - ObjectMapper
    - PINCache
    - PINOperation
    - PINRemoteImage
    - RxCocoa
    - RxRelay
    - RxSwift

EXTERNAL SOURCES:
  ASMvvm:
    :path: "../ASMvvm"
  RxASDataSources:
    :git: https://github.com/toandk/RxASDataSources
  RxCocoa-Texture:
    :git: https://github.com/toandk/RxCocoa-Texture
  Texture:
    :git: https://github.com/TextureGroup/Texture

CHECKOUT OPTIONS:
  RxASDataSources:
    :commit: b5bb7a85f51a793a86896f605b587192cfcecefc
    :git: https://github.com/toandk/RxASDataSources
  RxCocoa-Texture:
    :commit: 69bcc414b9d2226f909b296cf482a20375f9f6cf
    :git: https://github.com/toandk/RxCocoa-Texture
  Texture:
    :commit: ec19b928a8b4cee7e12798e2ada629611a3b4a5f
    :git: https://github.com/TextureGroup/Texture

SPEC CHECKSUMS:
  ASMvvm: d2afd425da68512aa2237a9428e0b5f29eb26186
  Differentiator: 886080237d9f87f322641dedbc5be257061b0602
  ObjectMapper: 70187b8941977c62ccfb423caf6b50be405cabf0
  PINCache: ee3c4abadd09970a61cdda0cfc345e69a3d75b26
  PINOperation: 3a967a927e7867e61976c6cc23e5770416449fbc
  PINRemoteImage: 3b7cedb118c2d357f87e9eabc7c81ba0202cb236
  RxASDataSources: 81764dee676512cb9623352ac7f19ced3e33a7c6
  RxCocoa: 32065309a38d29b5b0db858819b5bf9ef038b601
  RxCocoa-Texture: b3eacb1ef3d9f8cc53f69d67fdd4c1ebbf5766e1
  RxRelay: d77f7d771495f43c556cbc43eebd1bb54d01e8e9
  RxSwift: 81470a2074fa8780320ea5fe4102807cb7118178
  Texture: 2f109e937850d94d1d07232041c9c7313ccddb81

PODFILE CHECKSUM: 416b58a0a1fdebb365ea55348486e580405abb5b

COCOAPODS: 1.11.2
